// !$*UTF8*$!
{
	archiveVersion = 1;
	classes = {
	};
	objectVersion = 56;
	objects = {

/* Begin PBXBuildFile section */
		000BC0362B925572008F0F8F /* CubeRotation.swift in Sources */ = {isa = PBXBuildFile; fileRef = 000BC0352B925572008F0F8F /* CubeRotation.swift */; };
		00211C5E2B6D48BA00E6D451 /* Cube.swift in Sources */ = {isa = PBXBuildFile; fileRef = 00211C5D2B6D48BA00E6D451 /* Cube.swift */; };
		003DCF692B651DE0001A30DE /* CubeView.swift in Sources */ = {isa = PBXBuildFile; fileRef = 003DCF682B651DE0001A30DE /* CubeView.swift */; };
		00771C502B5BB3ED009D20A1 /* ARubikGuideApp.swift in Sources */ = {isa = PBXBuildFile; fileRef = 00771C4F2B5BB3ED009D20A1 /* ARubikGuideApp.swift */; };
		00771C522B5BB3ED009D20A1 /* ContentView.swift in Sources */ = {isa = PBXBuildFile; fileRef = 00771C512B5BB3ED009D20A1 /* ContentView.swift */; };
		00771C542B5BB3F0009D20A1 /* Assets.xcassets in Resources */ = {isa = PBXBuildFile; fileRef = 00771C532B5BB3F0009D20A1 /* Assets.xcassets */; };
		00771C572B5BB3F0009D20A1 /* Preview Assets.xcassets in Resources */ = {isa = PBXBuildFile; fileRef = 00771C562B5BB3F0009D20A1 /* Preview Assets.xcassets */; };
		00771C5F2B5BCD7A009D20A1 /* CubieTile.swift in Sources */ = {isa = PBXBuildFile; fileRef = 00771C5E2B5BCD7A009D20A1 /* CubieTile.swift */; };
		00771C622B5BCF7F009D20A1 /* CubeSide.swift in Sources */ = {isa = PBXBuildFile; fileRef = 00771C612B5BCF7F009D20A1 /* CubeSide.swift */; };
		00771C642B5BD067009D20A1 /* CubieTileButton.swift in Sources */ = {isa = PBXBuildFile; fileRef = 00771C632B5BD067009D20A1 /* CubieTileButton.swift */; };
		00771C672B5BE124009D20A1 /* RubiksCubeData.swift in Sources */ = {isa = PBXBuildFile; fileRef = 00771C662B5BE124009D20A1 /* RubiksCubeData.swift */; };
		00771C692B5C41C9009D20A1 /* GridStack.swift in Sources */ = {isa = PBXBuildFile; fileRef = 00771C682B5C41C9009D20A1 /* GridStack.swift */; };
		00E366A92B5D8ED2009ACAC9 /* ColorMapping.swift in Sources */ = {isa = PBXBuildFile; fileRef = 00E366A82B5D8ED2009ACAC9 /* ColorMapping.swift */; };
		00E366AB2B5EDCB8009ACAC9 /* RubikFacesGrid.swift in Sources */ = {isa = PBXBuildFile; fileRef = 00E366AA2B5EDCB8009ACAC9 /* RubikFacesGrid.swift */; };
/* End PBXBuildFile section */

/* Begin PBXFileReference section */
		000BC0352B925572008F0F8F /* CubeRotation.swift */ = {isa = PBXFileReference; lastKnownFileType = sourcecode.swift; path = CubeRotation.swift; sourceTree = "<group>"; };
		00211C5D2B6D48BA00E6D451 /* Cube.swift */ = {isa = PBXFileReference; lastKnownFileType = sourcecode.swift; path = Cube.swift; sourceTree = "<group>"; };
		003DCF682B651DE0001A30DE /* CubeView.swift */ = {isa = PBXFileReference; lastKnownFileType = sourcecode.swift; path = CubeView.swift; sourceTree = "<group>"; };
		00771C4C2B5BB3ED009D20A1 /* ARubikGuide.app */ = {isa = PBXFileReference; explicitFileType = wrapper.application; includeInIndex = 0; path = ARubikGuide.app; sourceTree = BUILT_PRODUCTS_DIR; };
		00771C4F2B5BB3ED009D20A1 /* ARubikGuideApp.swift */ = {isa = PBXFileReference; lastKnownFileType = sourcecode.swift; path = ARubikGuideApp.swift; sourceTree = "<group>"; };
		00771C512B5BB3ED009D20A1 /* ContentView.swift */ = {isa = PBXFileReference; lastKnownFileType = sourcecode.swift; path = ContentView.swift; sourceTree = "<group>"; };
		00771C532B5BB3F0009D20A1 /* Assets.xcassets */ = {isa = PBXFileReference; lastKnownFileType = folder.assetcatalog; path = Assets.xcassets; sourceTree = "<group>"; };
		00771C562B5BB3F0009D20A1 /* Preview Assets.xcassets */ = {isa = PBXFileReference; lastKnownFileType = folder.assetcatalog; path = "Preview Assets.xcassets"; sourceTree = "<group>"; };
		00771C5E2B5BCD7A009D20A1 /* CubieTile.swift */ = {isa = PBXFileReference; lastKnownFileType = sourcecode.swift; path = CubieTile.swift; sourceTree = "<group>"; };
		00771C612B5BCF7F009D20A1 /* CubeSide.swift */ = {isa = PBXFileReference; lastKnownFileType = sourcecode.swift; path = CubeSide.swift; sourceTree = "<group>"; };
		00771C632B5BD067009D20A1 /* CubieTileButton.swift */ = {isa = PBXFileReference; lastKnownFileType = sourcecode.swift; path = CubieTileButton.swift; sourceTree = "<group>"; };
		00771C662B5BE124009D20A1 /* RubiksCubeData.swift */ = {isa = PBXFileReference; lastKnownFileType = sourcecode.swift; path = RubiksCubeData.swift; sourceTree = "<group>"; };
		00771C682B5C41C9009D20A1 /* GridStack.swift */ = {isa = PBXFileReference; lastKnownFileType = sourcecode.swift; path = GridStack.swift; sourceTree = "<group>"; };
		00E366A82B5D8ED2009ACAC9 /* ColorMapping.swift */ = {isa = PBXFileReference; lastKnownFileType = sourcecode.swift; path = ColorMapping.swift; sourceTree = "<group>"; };
		00E366AA2B5EDCB8009ACAC9 /* RubikFacesGrid.swift */ = {isa = PBXFileReference; lastKnownFileType = sourcecode.swift; path = RubikFacesGrid.swift; sourceTree = "<group>"; };
/* End PBXFileReference section */

/* Begin PBXFrameworksBuildPhase section */
		00771C492B5BB3ED009D20A1 /* Frameworks */ = {
			isa = PBXFrameworksBuildPhase;
			buildActionMask = 2147483647;
			files = (
			);
			runOnlyForDeploymentPostprocessing = 0;
		};
/* End PBXFrameworksBuildPhase section */

/* Begin PBXGroup section */
		003DCF672B651DC9001A30DE /* CubeView */ = {
			isa = PBXGroup;
			children = (
				003DCF682B651DE0001A30DE /* CubeView.swift */,
			);
			path = CubeView;
			sourceTree = "<group>";
		};
		00771C432B5BB3EC009D20A1 = {
			isa = PBXGroup;
			children = (
				00771C4E2B5BB3ED009D20A1 /* ARubikGuide */,
				00771C4D2B5BB3ED009D20A1 /* Products */,
			);
			sourceTree = "<group>";
		};
		00771C4D2B5BB3ED009D20A1 /* Products */ = {
			isa = PBXGroup;
			children = (
				00771C4C2B5BB3ED009D20A1 /* ARubikGuide.app */,
			);
			name = Products;
			sourceTree = "<group>";
		};
		00771C4E2B5BB3ED009D20A1 /* ARubikGuide */ = {
			isa = PBXGroup;
			children = (
				000BC0352B925572008F0F8F /* CubeRotation.swift */,
				00211C5D2B6D48BA00E6D451 /* Cube.swift */,
				003DCF672B651DC9001A30DE /* CubeView */,
				00E366A72B5D8EB8009ACAC9 /* ColorMapping */,
				00771C652B5BE117009D20A1 /* Data */,
				00771C4F2B5BB3ED009D20A1 /* ARubikGuideApp.swift */,
				00771C602B5BCE09009D20A1 /* Home */,
				00771C5D2B5BCD5E009D20A1 /* Components */,
				00771C532B5BB3F0009D20A1 /* Assets.xcassets */,
				00771C552B5BB3F0009D20A1 /* Preview Content */,
			);
			path = ARubikGuide;
			sourceTree = "<group>";
		};
		00771C552B5BB3F0009D20A1 /* Preview Content */ = {
			isa = PBXGroup;
			children = (
				00771C562B5BB3F0009D20A1 /* Preview Assets.xcassets */,
			);
			path = "Preview Content";
			sourceTree = "<group>";
		};
		00771C5D2B5BCD5E009D20A1 /* Components */ = {
			isa = PBXGroup;
			children = (
				00771C5E2B5BCD7A009D20A1 /* CubieTile.swift */,
				00771C632B5BD067009D20A1 /* CubieTileButton.swift */,
				00771C612B5BCF7F009D20A1 /* CubeSide.swift */,
				00771C682B5C41C9009D20A1 /* GridStack.swift */,
			);
			path = Components;
			sourceTree = "<group>";
		};
		00771C602B5BCE09009D20A1 /* Home */ = {
			isa = PBXGroup;
			children = (
				00771C512B5BB3ED009D20A1 /* ContentView.swift */,
				00E366AA2B5EDCB8009ACAC9 /* RubikFacesGrid.swift */,
			);
			path = Home;
			sourceTree = "<group>";
		};
		00771C652B5BE117009D20A1 /* Data */ = {
			isa = PBXGroup;
			children = (
				00771C662B5BE124009D20A1 /* RubiksCubeData.swift */,
			);
			path = Data;
			sourceTree = "<group>";
		};
		00E366A72B5D8EB8009ACAC9 /* ColorMapping */ = {
			isa = PBXGroup;
			children = (
				00E366A82B5D8ED2009ACAC9 /* ColorMapping.swift */,
			);
			path = ColorMapping;
			sourceTree = "<group>";
		};
/* End PBXGroup section */

/* Begin PBXNativeTarget section */
		00771C4B2B5BB3ED009D20A1 /* ARubikGuide */ = {
			isa = PBXNativeTarget;
			buildConfigurationList = 00771C5A2B5BB3F0009D20A1 /* Build configuration list for PBXNativeTarget "ARubikGuide" */;
			buildPhases = (
				00771C482B5BB3ED009D20A1 /* Sources */,
				00771C492B5BB3ED009D20A1 /* Frameworks */,
				00771C4A2B5BB3ED009D20A1 /* Resources */,
			);
			buildRules = (
			);
			dependencies = (
			);
			name = ARubikGuide;
			productName = ARubikGuide;
			productReference = 00771C4C2B5BB3ED009D20A1 /* ARubikGuide.app */;
			productType = "com.apple.product-type.application";
		};
/* End PBXNativeTarget section */

/* Begin PBXProject section */
		00771C442B5BB3EC009D20A1 /* Project object */ = {
			isa = PBXProject;
			attributes = {
				BuildIndependentTargetsInParallel = 1;
				LastSwiftUpdateCheck = 1510;
				LastUpgradeCheck = 1510;
				TargetAttributes = {
					00771C4B2B5BB3ED009D20A1 = {
						CreatedOnToolsVersion = 15.1;
					};
				};
			};
			buildConfigurationList = 00771C472B5BB3EC009D20A1 /* Build configuration list for PBXProject "ARubikGuide" */;
			compatibilityVersion = "Xcode 14.0";
			developmentRegion = en;
			hasScannedForEncodings = 0;
			knownRegions = (
				en,
				Base,
			);
			mainGroup = 00771C432B5BB3EC009D20A1;
			productRefGroup = 00771C4D2B5BB3ED009D20A1 /* Products */;
			projectDirPath = "";
			projectRoot = "";
			targets = (
				00771C4B2B5BB3ED009D20A1 /* ARubikGuide */,
			);
		};
/* End PBXProject section */

/* Begin PBXResourcesBuildPhase section */
		00771C4A2B5BB3ED009D20A1 /* Resources */ = {
			isa = PBXResourcesBuildPhase;
			buildActionMask = 2147483647;
			files = (
				00771C572B5BB3F0009D20A1 /* Preview Assets.xcassets in Resources */,
				00771C542B5BB3F0009D20A1 /* Assets.xcassets in Resources */,
			);
			runOnlyForDeploymentPostprocessing = 0;
		};
/* End PBXResourcesBuildPhase section */

/* Begin PBXSourcesBuildPhase section */
		00771C482B5BB3ED009D20A1 /* Sources */ = {
			isa = PBXSourcesBuildPhase;
			buildActionMask = 2147483647;
			files = (
				00E366A92B5D8ED2009ACAC9 /* ColorMapping.swift in Sources */,
				00211C5E2B6D48BA00E6D451 /* Cube.swift in Sources */,
				00E366AB2B5EDCB8009ACAC9 /* RubikFacesGrid.swift in Sources */,
				00771C522B5BB3ED009D20A1 /* ContentView.swift in Sources */,
				000BC0362B925572008F0F8F /* CubeRotation.swift in Sources */,
				003DCF692B651DE0001A30DE /* CubeView.swift in Sources */,
				00771C672B5BE124009D20A1 /* RubiksCubeData.swift in Sources */,
				00771C622B5BCF7F009D20A1 /* CubeSide.swift in Sources */,
				00771C502B5BB3ED009D20A1 /* ARubikGuideApp.swift in Sources */,
				00771C692B5C41C9009D20A1 /* GridStack.swift in Sources */,
				00771C642B5BD067009D20A1 /* CubieTileButton.swift in Sources */,
				00771C5F2B5BCD7A009D20A1 /* CubieTile.swift in Sources */,
			);
			runOnlyForDeploymentPostprocessing = 0;
		};
/* End PBXSourcesBuildPhase section */

/* Begin XCBuildConfiguration section */
		00771C582B5BB3F0009D20A1 /* Debug */ = {
			isa = XCBuildConfiguration;
			buildSettings = {
				ALWAYS_SEARCH_USER_PATHS = NO;
				ASSETCATALOG_COMPILER_GENERATE_SWIFT_ASSET_SYMBOL_EXTENSIONS = YES;
				CLANG_ANALYZER_NONNULL = YES;
				CLANG_ANALYZER_NUMBER_OBJECT_CONVERSION = YES_AGGRESSIVE;
				CLANG_CXX_LANGUAGE_STANDARD = "gnu++20";
				CLANG_ENABLE_MODULES = YES;
				CLANG_ENABLE_OBJC_ARC = YES;
				CLANG_ENABLE_OBJC_WEAK = YES;
				CLANG_WARN_BLOCK_CAPTURE_AUTORELEASING = YES;
				CLANG_WARN_BOOL_CONVERSION = YES;
				CLANG_WARN_COMMA = YES;
				CLANG_WARN_CONSTANT_CONVERSION = YES;
				CLANG_WARN_DEPRECATED_OBJC_IMPLEMENTATIONS = YES;
				CLANG_WARN_DIRECT_OBJC_ISA_USAGE = YES_ERROR;
				CLANG_WARN_DOCUMENTATION_COMMENTS = YES;
				CLANG_WARN_EMPTY_BODY = YES;
				CLANG_WARN_ENUM_CONVERSION = YES;
				CLANG_WARN_INFINITE_RECURSION = YES;
				CLANG_WARN_INT_CONVERSION = YES;
				CLANG_WARN_NON_LITERAL_NULL_CONVERSION = YES;
				CLANG_WARN_OBJC_IMPLICIT_RETAIN_SELF = YES;
				CLANG_WARN_OBJC_LITERAL_CONVERSION = YES;
				CLANG_WARN_OBJC_ROOT_CLASS = YES_ERROR;
				CLANG_WARN_QUOTED_INCLUDE_IN_FRAMEWORK_HEADER = YES;
				CLANG_WARN_RANGE_LOOP_ANALYSIS = YES;
				CLANG_WARN_STRICT_PROTOTYPES = YES;
				CLANG_WARN_SUSPICIOUS_MOVE = YES;
				CLANG_WARN_UNGUARDED_AVAILABILITY = YES_AGGRESSIVE;
				CLANG_WARN_UNREACHABLE_CODE = YES;
				CLANG_WARN__DUPLICATE_METHOD_MATCH = YES;
				COPY_PHASE_STRIP = NO;
				DEBUG_INFORMATION_FORMAT = dwarf;
				ENABLE_STRICT_OBJC_MSGSEND = YES;
				ENABLE_TESTABILITY = YES;
				ENABLE_USER_SCRIPT_SANDBOXING = YES;
				GCC_C_LANGUAGE_STANDARD = gnu17;
				GCC_DYNAMIC_NO_PIC = NO;
				GCC_NO_COMMON_BLOCKS = YES;
				GCC_OPTIMIZATION_LEVEL = 0;
				GCC_PREPROCESSOR_DEFINITIONS = (
					"DEBUG=1",
					"$(inherited)",
				);
				GCC_WARN_64_TO_32_BIT_CONVERSION = YES;
				GCC_WARN_ABOUT_RETURN_TYPE = YES_ERROR;
				GCC_WARN_UNDECLARED_SELECTOR = YES;
				GCC_WARN_UNINITIALIZED_AUTOS = YES_AGGRESSIVE;
				GCC_WARN_UNUSED_FUNCTION = YES;
				GCC_WARN_UNUSED_VARIABLE = YES;
				IPHONEOS_DEPLOYMENT_TARGET = 17.2;
				LOCALIZATION_PREFERS_STRING_CATALOGS = YES;
				MTL_ENABLE_DEBUG_INFO = INCLUDE_SOURCE;
				MTL_FAST_MATH = YES;
				ONLY_ACTIVE_ARCH = YES;
				SDKROOT = iphoneos;
				SWIFT_ACTIVE_COMPILATION_CONDITIONS = "DEBUG $(inherited)";
				SWIFT_OPTIMIZATION_LEVEL = "-Onone";
			};
			name = Debug;
		};
		00771C592B5BB3F0009D20A1 /* Release */ = {
			isa = XCBuildConfiguration;
			buildSettings = {
				ALWAYS_SEARCH_USER_PATHS = NO;
				ASSETCATALOG_COMPILER_GENERATE_SWIFT_ASSET_SYMBOL_EXTENSIONS = YES;
				CLANG_ANALYZER_NONNULL = YES;
				CLANG_ANALYZER_NUMBER_OBJECT_CONVERSION = YES_AGGRESSIVE;
				CLANG_CXX_LANGUAGE_STANDARD = "gnu++20";
				CLANG_ENABLE_MODULES = YES;
				CLANG_ENABLE_OBJC_ARC = YES;
				CLANG_ENABLE_OBJC_WEAK = YES;
				CLANG_WARN_BLOCK_CAPTURE_AUTORELEASING = YES;
				CLANG_WARN_BOOL_CONVERSION = YES;
				CLANG_WARN_COMMA = YES;
				CLANG_WARN_CONSTANT_CONVERSION = YES;
				CLANG_WARN_DEPRECATED_OBJC_IMPLEMENTATIONS = YES;
				CLANG_WARN_DIRECT_OBJC_ISA_USAGE = YES_ERROR;
				CLANG_WARN_DOCUMENTATION_COMMENTS = YES;
				CLANG_WARN_EMPTY_BODY = YES;
				CLANG_WARN_ENUM_CONVERSION = YES;
				CLANG_WARN_INFINITE_RECURSION = YES;
				CLANG_WARN_INT_CONVERSION = YES;
				CLANG_WARN_NON_LITERAL_NULL_CONVERSION = YES;
				CLANG_WARN_OBJC_IMPLICIT_RETAIN_SELF = YES;
				CLANG_WARN_OBJC_LITERAL_CONVERSION = YES;
				CLANG_WARN_OBJC_ROOT_CLASS = YES_ERROR;
				CLANG_WARN_QUOTED_INCLUDE_IN_FRAMEWORK_HEADER = YES;
				CLANG_WARN_RANGE_LOOP_ANALYSIS = YES;
				CLANG_WARN_STRICT_PROTOTYPES = YES;
				CLANG_WARN_SUSPICIOUS_MOVE = YES;
				CLANG_WARN_UNGUARDED_AVAILABILITY = YES_AGGRESSIVE;
				CLANG_WARN_UNREACHABLE_CODE = YES;
				CLANG_WARN__DUPLICATE_METHOD_MATCH = YES;
				COPY_PHASE_STRIP = NO;
				DEBUG_INFORMATION_FORMAT = "dwarf-with-dsym";
				ENABLE_NS_ASSERTIONS = NO;
				ENABLE_STRICT_OBJC_MSGSEND = YES;
				ENABLE_USER_SCRIPT_SANDBOXING = YES;
				GCC_C_LANGUAGE_STANDARD = gnu17;
				GCC_NO_COMMON_BLOCKS = YES;
				GCC_WARN_64_TO_32_BIT_CONVERSION = YES;
				GCC_WARN_ABOUT_RETURN_TYPE = YES_ERROR;
				GCC_WARN_UNDECLARED_SELECTOR = YES;
				GCC_WARN_UNINITIALIZED_AUTOS = YES_AGGRESSIVE;
				GCC_WARN_UNUSED_FUNCTION = YES;
				GCC_WARN_UNUSED_VARIABLE = YES;
				IPHONEOS_DEPLOYMENT_TARGET = 17.2;
				LOCALIZATION_PREFERS_STRING_CATALOGS = YES;
				MTL_ENABLE_DEBUG_INFO = NO;
				MTL_FAST_MATH = YES;
				SDKROOT = iphoneos;
				SWIFT_COMPILATION_MODE = wholemodule;
				VALIDATE_PRODUCT = YES;
			};
			name = Release;
		};
		00771C5B2B5BB3F0009D20A1 /* Debug */ = {
			isa = XCBuildConfiguration;
			buildSettings = {
				ASSETCATALOG_COMPILER_APPICON_NAME = AppIcon;
				ASSETCATALOG_COMPILER_GLOBAL_ACCENT_COLOR_NAME = AccentColor;
				CODE_SIGN_STYLE = Automatic;
				CURRENT_PROJECT_VERSION = 1;
				DEVELOPMENT_ASSET_PATHS = "\"ARubikGuide/Preview Content\"";
				DEVELOPMENT_TEAM = 6X4VA7XNW2;
				ENABLE_PREVIEWS = YES;
				GENERATE_INFOPLIST_FILE = YES;
				INFOPLIST_KEY_UIApplicationSceneManifest_Generation = YES;
				INFOPLIST_KEY_UIApplicationSupportsIndirectInputEvents = YES;
				INFOPLIST_KEY_UILaunchScreen_Generation = YES;
				INFOPLIST_KEY_UISupportedInterfaceOrientations_iPad = "UIInterfaceOrientationPortrait UIInterfaceOrientationPortraitUpsideDown UIInterfaceOrientationLandscapeLeft UIInterfaceOrientationLandscapeRight";
				INFOPLIST_KEY_UISupportedInterfaceOrientations_iPhone = "UIInterfaceOrientationPortrait UIInterfaceOrientationLandscapeLeft UIInterfaceOrientationLandscapeRight";
				LD_RUNPATH_SEARCH_PATHS = (
					"$(inherited)",
					"@executable_path/Frameworks",
				);
				MARKETING_VERSION = 1.0;
				PRODUCT_BUNDLE_IDENTIFIER = com.widgetcorps.ARubikGuide;
				PRODUCT_NAME = "$(TARGET_NAME)";
				SWIFT_EMIT_LOC_STRINGS = YES;
				SWIFT_VERSION = 5.0;
				TARGETED_DEVICE_FAMILY = "1,2";
			};
			name = Debug;
		};
		00771C5C2B5BB3F0009D20A1 /* Release */ = {
			isa = XCBuildConfiguration;
			buildSettings = {
				ASSETCATALOG_COMPILER_APPICON_NAME = AppIcon;
				ASSETCATALOG_COMPILER_GLOBAL_ACCENT_COLOR_NAME = AccentColor;
				CODE_SIGN_STYLE = Automatic;
				CURRENT_PROJECT_VERSION = 1;
				DEVELOPMENT_ASSET_PATHS = "\"ARubikGuide/Preview Content\"";
				DEVELOPMENT_TEAM = 6X4VA7XNW2;
				ENABLE_PREVIEWS = YES;
				GENERATE_INFOPLIST_FILE = YES;
				INFOPLIST_KEY_UIApplicationSceneManifest_Generation = YES;
				INFOPLIST_KEY_UIApplicationSupportsIndirectInputEvents = YES;
				INFOPLIST_KEY_UILaunchScreen_Generation = YES;
				INFOPLIST_KEY_UISupportedInterfaceOrientations_iPad = "UIInterfaceOrientationPortrait UIInterfaceOrientationPortraitUpsideDown UIInterfaceOrientationLandscapeLeft UIInterfaceOrientationLandscapeRight";
				INFOPLIST_KEY_UISupportedInterfaceOrientations_iPhone = "UIInterfaceOrientationPortrait UIInterfaceOrientationLandscapeLeft UIInterfaceOrientationLandscapeRight";
				LD_RUNPATH_SEARCH_PATHS = (
					"$(inherited)",
					"@executable_path/Frameworks",
				);
				MARKETING_VERSION = 1.0;
				PRODUCT_BUNDLE_IDENTIFIER = com.widgetcorps.ARubikGuide;
				PRODUCT_NAME = "$(TARGET_NAME)";
				SWIFT_EMIT_LOC_STRINGS = YES;
				SWIFT_VERSION = 5.0;
				TARGETED_DEVICE_FAMILY = "1,2";
			};
			name = Release;
		};
/* End XCBuildConfiguration section */

/* Begin XCConfigurationList section */
		00771C472B5BB3EC009D20A1 /* Build configuration list for PBXProject "ARubikGuide" */ = {
			isa = XCConfigurationList;
			buildConfigurations = (
				00771C582B5BB3F0009D20A1 /* Debug */,
				00771C592B5BB3F0009D20A1 /* Release */,
			);
			defaultConfigurationIsVisible = 0;
			defaultConfigurationName = Release;
		};
		00771C5A2B5BB3F0009D20A1 /* Build configuration list for PBXNativeTarget "ARubikGuide" */ = {
			isa = XCConfigurationList;
			buildConfigurations = (
				00771C5B2B5BB3F0009D20A1 /* Debug */,
				00771C5C2B5BB3F0009D20A1 /* Release */,
			);
			defaultConfigurationIsVisible = 0;
			defaultConfigurationName = Release;
		};
/* End XCConfigurationList section */
	};
	rootObject = 00771C442B5BB3EC009D20A1 /* Project object */;
}
